
Microsoft Visual Studio Solution File, Format Version 12.00
# Visual Studio 14
VisualStudioVersion = 14.0.25420.1
MinimumVisualStudioVersion = 10.0.40219.1
Project("{FAE04EC0-301F-11D3-BF4B-00C04F79EFBC}") = "HandleClient", "HandleClient\HandleClient.csproj", "{DBDB6DC3-0347-4FAA-B059-53FC8DB1B595}"
EndProject
Global
	GlobalSection(SolutionConfigurationPlatforms) = preSolution
		Debug|Any CPU = Debug|Any CPU
		Debug|x64 = Debug|x64
		Debug|x86 = Debug|x86
		Release|Any CPU = Release|Any CPU
		Release|x64 = Release|x64
		Release|x86 = Release|x86
	EndGlobalSection
	GlobalSection(ProjectConfigurationPlatforms) = postSolution
		{DBDB6DC3-0347-4FAA-B059-53FC8DB1B595}.Debug|Any CPU.ActiveCfg = Debug|Any CPU
		{DBDB6DC3-0347-4FAA-B059-53FC8DB1B595}.Debug|Any CPU.Build.0 = Debug|Any CPU
		{DBDB6DC3-0347-4FAA-B059-53FC8DB1B595}.Debug|x64.ActiveCfg = Debug|Any CPU
		{DBDB6DC3-0347-4FAA-B059-53FC8DB1B595}.Debug|x64.Build.0 = Debug|Any CPU
		{DBDB6DC3-0347-4FAA-B059-53FC8DB1B595}.Debug|x86.ActiveCfg = Debug|Any CPU
		{DBDB6DC3-0347-4FAA-B059-53FC8DB1B595}.Debug|x86.Build.0 = Debug|Any CPU
		{DBDB6DC3-0347-4FAA-B059-53FC8DB1B595}.Release|Any CPU.ActiveCfg = Release|Any CPU
		{DBDB6DC3-0347-4FAA-B059-53FC8DB1B595}.Release|Any CPU.Build.0 = Release|Any CPU
		{DBDB6DC3-0347-4FAA-B059-53FC8DB1B595}.Release|x64.ActiveCfg = Release|x64
		{DBDB6DC3-0347-4FAA-B059-53FC8DB1B595}.Release|x64.Build.0 = Release|x64
		{DBDB6DC3-0347-4FAA-B059-53FC8DB1B595}.Release|x86.ActiveCfg = Release|x86
		{DBDB6DC3-0347-4FAA-B059-53FC8DB1B595}.Release|x86.Build.0 = Release|x86
	EndGlobalSection
	GlobalSection(SolutionProperties) = preSolution
		HideSolutionNode = FALSE
	EndGlobalSection
EndGlobal
