
Microsoft Visual Studio Solution File, Format Version 12.00
# Visual Studio 2013
VisualStudioVersion = 12.0.31101.0
MinimumVisualStudioVersion = 10.0.40219.1
Project("{FAE04EC0-301F-11D3-BF4B-00C04F79EFBC}") = "RPT2Diagramm2", "RPT2Diagramm2\RPT2Diagramm2.csproj", "{7626558A-D933-4E23-994F-29A52DE6168A}"
EndProject
Global
	GlobalSection(SolutionConfigurationPlatforms) = preSolution
		Debug|Any CPU = Debug|Any CPU
		Release|Any CPU = Release|Any CPU
	EndGlobalSection
	GlobalSection(ProjectConfigurationPlatforms) = postSolution
		{7626558A-D933-4E23-994F-29A52DE6168A}.Debug|Any CPU.ActiveCfg = Debug|Any CPU
		{7626558A-D933-4E23-994F-29A52DE6168A}.Debug|Any CPU.Build.0 = Debug|Any CPU
		{7626558A-D933-4E23-994F-29A52DE6168A}.Release|Any CPU.ActiveCfg = Release|Any CPU
		{7626558A-D933-4E23-994F-29A52DE6168A}.Release|Any CPU.Build.0 = Release|Any CPU
	EndGlobalSection
	GlobalSection(SolutionProperties) = preSolution
		HideSolutionNode = FALSE
	EndGlobalSection
EndGlobal
